
Microsoft Visual Studio Solution File, Format Version 12.00
# Visual Studio 15
VisualStudioVersion = 15.0.28307.779
MinimumVisualStudioVersion = 10.0.40219.1
Project("{FAE04EC0-301F-11D3-BF4B-00C04F79EFBC}") = "L0002B 2", "L0002B 2\L0002B 2.csproj", "{F9253E91-7774-4255-A094-8FEE1CDD4189}"
EndProject
Global
	GlobalSection(SolutionConfigurationPlatforms) = preSolution
		Debug|Any CPU = Debug|Any CPU
		Release|Any CPU = Release|Any CPU
	EndGlobalSection
	GlobalSection(ProjectConfigurationPlatforms) = postSolution
		{F9253E91-7774-4255-A094-8FEE1CDD4189}.Debug|Any CPU.ActiveCfg = Debug|Any CPU
		{F9253E91-7774-4255-A094-8FEE1CDD4189}.Debug|Any CPU.Build.0 = Debug|Any CPU
		{F9253E91-7774-4255-A094-8FEE1CDD4189}.Release|Any CPU.ActiveCfg = Release|Any CPU
		{F9253E91-7774-4255-A094-8FEE1CDD4189}.Release|Any CPU.Build.0 = Release|Any CPU
	EndGlobalSection
	GlobalSection(SolutionProperties) = preSolution
		HideSolutionNode = FALSE
	EndGlobalSection
	GlobalSection(ExtensibilityGlobals) = postSolution
		SolutionGuid = {E3F520DC-DDBD-43CE-9B17-4B3A241D0ED0}
	EndGlobalSection
EndGlobal
