
Microsoft Visual Studio Solution File, Format Version 12.00
# Visual Studio 15
VisualStudioVersion = 15.0.28307.779
MinimumVisualStudioVersion = 10.0.40219.1
Project("{FAE04EC0-301F-11D3-BF4B-00C04F79EFBC}") = "L0002B 3", "L0002B 3\L0002B 3.csproj", "{553869B3-D74A-46A1-9CEA-CAE75CF813D7}"
EndProject
Global
	GlobalSection(SolutionConfigurationPlatforms) = preSolution
		Debug|Any CPU = Debug|Any CPU
		Release|Any CPU = Release|Any CPU
	EndGlobalSection
	GlobalSection(ProjectConfigurationPlatforms) = postSolution
		{553869B3-D74A-46A1-9CEA-CAE75CF813D7}.Debug|Any CPU.ActiveCfg = Debug|Any CPU
		{553869B3-D74A-46A1-9CEA-CAE75CF813D7}.Debug|Any CPU.Build.0 = Debug|Any CPU
		{553869B3-D74A-46A1-9CEA-CAE75CF813D7}.Release|Any CPU.ActiveCfg = Release|Any CPU
		{553869B3-D74A-46A1-9CEA-CAE75CF813D7}.Release|Any CPU.Build.0 = Release|Any CPU
	EndGlobalSection
	GlobalSection(SolutionProperties) = preSolution
		HideSolutionNode = FALSE
	EndGlobalSection
	GlobalSection(ExtensibilityGlobals) = postSolution
		SolutionGuid = {3A869C47-6CCE-4D8B-8705-954210C18E90}
	EndGlobalSection
EndGlobal
